<?xml version="1.0" encoding="utf-8"?>
<Project ToolsVersion="4.0" xmlns="http://schemas.microsoft.com/developer/msbuild/2003">
  <ItemGroup>
    <Filter Include="Header Files">
      <UniqueIdentifier>{d94f99fe-258d-4754-a936-e8396533132d}</UniqueIdentifier>
    </Filter>
    <Filter Include="Header Files\include">
      <UniqueIdentifier>{9244518a-00c4-48ea-9eaf-e74cb3d2d753}</UniqueIdentifier>
    </Filter>
    <Filter Include="Header Files\x86">
      <UniqueIdentifier>{83dc236c-de22-4aff-8144-c1cdd79e452c}</UniqueIdentifier>
    </Filter>
    <Filter Include="Source Files">
      <UniqueIdentifier>{279a16ca-3080-47f2-a658-954804cb9c45}</UniqueIdentifier>
    </Filter>
    <Filter Include="Source Files\x86">
      <UniqueIdentifier>{6b3e1789-30e0-4d9d-8f87-5428958afaf3}</UniqueIdentifier>
    </Filter>
  </ItemGroup>
  <ItemGroup>
    <ClInclude Include="$(MSBuildThisFileDirectory)..\..\include\graphengine\filter.h">
      <Filter>Header Files\include</Filter>
    </ClInclude>
    <ClInclude Include="$(MSBuildThisFileDirectory)..\..\include\graphengine\graph.h">
      <Filter>Header Files\include</Filter>
    </ClInclude>
    <ClInclude Include="$(MSBuildThisFileDirectory)..\..\include\graphengine\namespace.h">
      <Filter>Header Files\include</Filter>
    </ClInclude>
    <ClInclude Include="$(MSBuildThisFileDirectory)..\..\include\graphengine\types.h">
      <Filter>Header Files\include</Filter>
    </ClInclude>
    <ClInclude Include="$(MSBuildThisFileDirectory)..\..\graphengine\cpuinfo.h">
      <Filter>Header Files</Filter>
    </ClInclude>
    <ClInclude Include="$(MSBuildThisFileDirectory)..\..\graphengine\node.h">
      <Filter>Header Files</Filter>
    </ClInclude>
    <ClInclude Include="$(MSBuildThisFileDirectory)..\..\graphengine\state.h">
      <Filter>Header Files</Filter>
    </ClInclude>
    <ClInclude Include="$(MSBuildThisFileDirectory)..\..\graphengine\x86\cpuinfo_x86.h">
      <Filter>Header Files\x86</Filter>
    </ClInclude>
  </ItemGroup>
  <ItemGroup>
    <ClCompile Include="$(MSBuildThisFileDirectory)..\..\graphengine\cpuinfo.cpp">
      <Filter>Source Files</Filter>
    </ClCompile>
    <ClCompile Include="$(MSBuildThisFileDirectory)..\..\graphengine\graph.cpp">
      <Filter>Source Files</Filter>
    </ClCompile>
    <ClCompile Include="$(MSBuildThisFileDirectory)..\..\graphengine\node.cpp">
      <Filter>Source Files</Filter>
    </ClCompile>
    <ClCompile Include="$(MSBuildThisFileDirectory)..\..\graphengine\x86\cpuinfo_x86.cpp">
      <Filter>Source Files\x86</Filter>
    </ClCompile>
  </ItemGroup>
</Project>